
Microsoft Visual Studio Solution File, Format Version 12.00
# Visual Studio Version 16
VisualStudioVersion = 16.0.29613.14
MinimumVisualStudioVersion = 10.0.40219.1
Project("{9A19103F-16F7-4668-BE54-9A1E7A4F7556}") = "OpenCVSharpKnn", "OpenCVSharpKnn\OpenCVSharpKnn.csproj", "{29BB692C-A662-41A1-885E-3A11C97A1299}"
EndProject
Global
	GlobalSection(SolutionConfigurationPlatforms) = preSolution
		Debug|Any CPU = Debug|Any CPU
		Release|Any CPU = Release|Any CPU
	EndGlobalSection
	GlobalSection(ProjectConfigurationPlatforms) = postSolution
		{29BB692C-A662-41A1-885E-3A11C97A1299}.Debug|Any CPU.ActiveCfg = Debug|Any CPU
		{29BB692C-A662-41A1-885E-3A11C97A1299}.Debug|Any CPU.Build.0 = Debug|Any CPU
		{29BB692C-A662-41A1-885E-3A11C97A1299}.Release|Any CPU.ActiveCfg = Release|Any CPU
		{29BB692C-A662-41A1-885E-3A11C97A1299}.Release|Any CPU.Build.0 = Release|Any CPU
	EndGlobalSection
	GlobalSection(SolutionProperties) = preSolution
		HideSolutionNode = FALSE
	EndGlobalSection
	GlobalSection(ExtensibilityGlobals) = postSolution
		SolutionGuid = {9AB9254D-9A00-4447-B88E-6FE68A766406}
	EndGlobalSection
EndGlobal
